
Microsoft Visual Studio Solution File, Format Version 12.00
# Visual Studio Version 17
VisualStudioVersion = 17.8.34330.188
MinimumVisualStudioVersion = 10.0.40219.1
Project("{9A19103F-16F7-4668-BE54-9A1E7A4F7556}") = "AuthService", "AuthService\AuthService.csproj", "{1489A870-6DA1-4AB5-8C10-B8A0E6163AC5}"
EndProject
Project("{9A19103F-16F7-4668-BE54-9A1E7A4F7556}") = "MailService", "MailService\MailService.csproj", "{7378EF13-1DF8-4446-B944-E628ED3CB01A}"
EndProject
Project("{FAE04EC0-301F-11D3-BF4B-00C04F79EFBC}") = "PostService", "PostService\PostService.csproj", "{5624033A-3D7B-44AE-AF3E-34500CFF70D4}"
EndProject
Project("{FAE04EC0-301F-11D3-BF4B-00C04F79EFBC}") = "CommentService", "CommentService\CommentService.csproj", "{A4269CB9-8873-4914-BD81-88AADEE9D4FE}"
EndProject
Project("{FAE04EC0-301F-11D3-BF4B-00C04F79EFBC}") = "BlogMessageBus", "BlogMessageBus\BlogMessageBus.csproj", "{3897CFEE-86D9-4991-BECF-CE73A17DF995}"
EndProject
Global
	GlobalSection(SolutionConfigurationPlatforms) = preSolution
		Debug|Any CPU = Debug|Any CPU
		Release|Any CPU = Release|Any CPU
	EndGlobalSection
	GlobalSection(ProjectConfigurationPlatforms) = postSolution
		{1489A870-6DA1-4AB5-8C10-B8A0E6163AC5}.Debug|Any CPU.ActiveCfg = Debug|Any CPU
		{1489A870-6DA1-4AB5-8C10-B8A0E6163AC5}.Debug|Any CPU.Build.0 = Debug|Any CPU
		{1489A870-6DA1-4AB5-8C10-B8A0E6163AC5}.Release|Any CPU.ActiveCfg = Release|Any CPU
		{1489A870-6DA1-4AB5-8C10-B8A0E6163AC5}.Release|Any CPU.Build.0 = Release|Any CPU
		{7378EF13-1DF8-4446-B944-E628ED3CB01A}.Debug|Any CPU.ActiveCfg = Debug|Any CPU
		{7378EF13-1DF8-4446-B944-E628ED3CB01A}.Debug|Any CPU.Build.0 = Debug|Any CPU
		{7378EF13-1DF8-4446-B944-E628ED3CB01A}.Release|Any CPU.ActiveCfg = Release|Any CPU
		{7378EF13-1DF8-4446-B944-E628ED3CB01A}.Release|Any CPU.Build.0 = Release|Any CPU
		{5624033A-3D7B-44AE-AF3E-34500CFF70D4}.Debug|Any CPU.ActiveCfg = Debug|Any CPU
		{5624033A-3D7B-44AE-AF3E-34500CFF70D4}.Debug|Any CPU.Build.0 = Debug|Any CPU
		{5624033A-3D7B-44AE-AF3E-34500CFF70D4}.Release|Any CPU.ActiveCfg = Release|Any CPU
		{5624033A-3D7B-44AE-AF3E-34500CFF70D4}.Release|Any CPU.Build.0 = Release|Any CPU
		{A4269CB9-8873-4914-BD81-88AADEE9D4FE}.Debug|Any CPU.ActiveCfg = Debug|Any CPU
		{A4269CB9-8873-4914-BD81-88AADEE9D4FE}.Debug|Any CPU.Build.0 = Debug|Any CPU
		{A4269CB9-8873-4914-BD81-88AADEE9D4FE}.Release|Any CPU.ActiveCfg = Release|Any CPU
		{A4269CB9-8873-4914-BD81-88AADEE9D4FE}.Release|Any CPU.Build.0 = Release|Any CPU
		{3897CFEE-86D9-4991-BECF-CE73A17DF995}.Debug|Any CPU.ActiveCfg = Debug|Any CPU
		{3897CFEE-86D9-4991-BECF-CE73A17DF995}.Debug|Any CPU.Build.0 = Debug|Any CPU
		{3897CFEE-86D9-4991-BECF-CE73A17DF995}.Release|Any CPU.ActiveCfg = Release|Any CPU
		{3897CFEE-86D9-4991-BECF-CE73A17DF995}.Release|Any CPU.Build.0 = Release|Any CPU
	EndGlobalSection
	GlobalSection(SolutionProperties) = preSolution
		HideSolutionNode = FALSE
	EndGlobalSection
	GlobalSection(ExtensibilityGlobals) = postSolution
		SolutionGuid = {543BD77F-EE12-4260-BF0F-2A3709C43144}
	EndGlobalSection
EndGlobal
